<?xml version="1.0" encoding="utf-8"?>
<Project ToolsVersion="4.0" xmlns="http://schemas.microsoft.com/developer/msbuild/2003">
  <ItemGroup>
    <Filter Include="源文件">
      <UniqueIdentifier>{4FC737F1-C7A5-4376-A066-2A32D752A2FF}</UniqueIdentifier>
      <Extensions>cpp;c;cc;cxx;def;odl;idl;hpj;bat;asm;asmx</Extensions>
    </Filter>
    <Filter Include="头文件">
      <UniqueIdentifier>{93995380-89BD-4b04-88EB-625FBE52EBFB}</UniqueIdentifier>
      <Extensions>h;hpp;hxx;hm;inl;inc;xsd</Extensions>
    </Filter>
    <Filter Include="资源文件">
      <UniqueIdentifier>{67DA6AB6-F800-4c08-8B7A-83BB121AAD01}</UniqueIdentifier>
      <Extensions>rc;ico;cur;bmp;dlg;rc2;rct;bin;rgs;gif;jpg;jpeg;jpe;resx;tiff;tif;png;wav;mfcribbon-ms</Extensions>
    </Filter>
  </ItemGroup>
  <ItemGroup>
    <None Include="ReadMe.txt" />
    <None Include="small.ico">
      <Filter>资源文件</Filter>
    </None>
    <None Include="Mygame.ico">
      <Filter>资源文件</Filter>
    </None>
    <None Include="icon.ico">
      <Filter>资源文件</Filter>
    </None>
    <None Include="..\..\..\..\..\学习\学习书籍\【配套源代码】逐梦旅程：Windows游戏编程之从零开始\3.篇章三：飞跃 • DirectX游戏编程基础\第11章\D3Ddemo2\D3Ddemo2\icon.ico">
      <Filter>资源文件</Filter>
    </None>
  </ItemGroup>
  <ItemGroup>
    <ClInclude Include="stdafx.h">
      <Filter>头文件</Filter>
    </ClInclude>
    <ClInclude Include="targetver.h">
      <Filter>头文件</Filter>
    </ClInclude>
    <ClInclude Include="Resource.h">
      <Filter>头文件</Filter>
    </ClInclude>
    <ClInclude Include="Mygame.h">
      <Filter>头文件</Filter>
    </ClInclude>
    <ClInclude Include="D3DUnit.h">
      <Filter>头文件</Filter>
    </ClInclude>
    <ClInclude Include="DirectInput.h">
      <Filter>头文件</Filter>
    </ClInclude>
    <ClInclude Include="D3DGUIClass.h">
      <Filter>头文件</Filter>
    </ClInclude>
    <ClInclude Include="XFileModelClass.h">
      <Filter>头文件</Filter>
    </ClInclude>
    <ClInclude Include="Terrain.h">
      <Filter>头文件</Filter>
    </ClInclude>
    <ClInclude Include="Camera.h">
      <Filter>头文件</Filter>
    </ClInclude>
    <ClInclude Include="People.h">
      <Filter>头文件</Filter>
    </ClInclude>
    <ClInclude Include="AllocateHierarchyClass.h">
      <Filter>头文件</Filter>
    </ClInclude>
    <ClInclude Include="SkyBoxClass.h">
      <Filter>头文件</Filter>
    </ClInclude>
  </ItemGroup>
  <ItemGroup>
    <ClCompile Include="stdafx.cpp">
      <Filter>源文件</Filter>
    </ClCompile>
    <ClCompile Include="Mygame.cpp">
      <Filter>源文件</Filter>
    </ClCompile>
    <ClCompile Include="DirectInput.cpp">
      <Filter>源文件</Filter>
    </ClCompile>
    <ClCompile Include="D3DGUIClass.cpp">
      <Filter>源文件</Filter>
    </ClCompile>
    <ClCompile Include="XFileModelClass.cpp">
      <Filter>源文件</Filter>
    </ClCompile>
    <ClCompile Include="Terrain.cpp">
      <Filter>源文件</Filter>
    </ClCompile>
    <ClCompile Include="Camera.cpp">
      <Filter>源文件</Filter>
    </ClCompile>
    <ClCompile Include="People.cpp">
      <Filter>源文件</Filter>
    </ClCompile>
    <ClCompile Include="AllocateHierarchyClass.cpp">
      <Filter>源文件</Filter>
    </ClCompile>
    <ClCompile Include="SkyBoxClass.cpp">
      <Filter>源文件</Filter>
    </ClCompile>
  </ItemGroup>
  <ItemGroup>
    <ResourceCompile Include="Mygame.rc">
      <Filter>资源文件</Filter>
    </ResourceCompile>
  </ItemGroup>
</Project>